
Microsoft Visual Studio Solution File, Format Version 12.00
# Visual Studio Version 16
VisualStudioVersion = 16.0.32126.315
MinimumVisualStudioVersion = 10.0.40219.1
Project("{FAE04EC0-301F-11D3-BF4B-00C04F79EFBC}") = "Laboration3", "Laboration3\Laboration3.csproj", "{329E24F0-C21F-494B-BEA1-A5E7B2895526}"
EndProject
Global
	GlobalSection(SolutionConfigurationPlatforms) = preSolution
		Debug|Any CPU = Debug|Any CPU
		Release|Any CPU = Release|Any CPU
	EndGlobalSection
	GlobalSection(ProjectConfigurationPlatforms) = postSolution
		{329E24F0-C21F-494B-BEA1-A5E7B2895526}.Debug|Any CPU.ActiveCfg = Debug|Any CPU
		{329E24F0-C21F-494B-BEA1-A5E7B2895526}.Debug|Any CPU.Build.0 = Debug|Any CPU
		{329E24F0-C21F-494B-BEA1-A5E7B2895526}.Release|Any CPU.ActiveCfg = Release|Any CPU
		{329E24F0-C21F-494B-BEA1-A5E7B2895526}.Release|Any CPU.Build.0 = Release|Any CPU
	EndGlobalSection
	GlobalSection(SolutionProperties) = preSolution
		HideSolutionNode = FALSE
	EndGlobalSection
	GlobalSection(ExtensibilityGlobals) = postSolution
		SolutionGuid = {186BB428-19B1-4050-94E1-80CF589DA6A9}
	EndGlobalSection
EndGlobal
