
Microsoft Visual Studio Solution File, Format Version 12.00
# Visual Studio Version 16
VisualStudioVersion = 16.0.32106.194
MinimumVisualStudioVersion = 10.0.40219.1
Project("{FAE04EC0-301F-11D3-BF4B-00C04F79EFBC}") = "MoreContainers", "MoreContainers\MoreContainers.csproj", "{0DD15990-D024-4C0D-80A5-353778FF6052}"
EndProject
Global
	GlobalSection(SolutionConfigurationPlatforms) = preSolution
		Debug|Any CPU = Debug|Any CPU
		Release|Any CPU = Release|Any CPU
	EndGlobalSection
	GlobalSection(ProjectConfigurationPlatforms) = postSolution
		{0DD15990-D024-4C0D-80A5-353778FF6052}.Debug|Any CPU.ActiveCfg = Debug|Any CPU
		{0DD15990-D024-4C0D-80A5-353778FF6052}.Debug|Any CPU.Build.0 = Debug|Any CPU
		{0DD15990-D024-4C0D-80A5-353778FF6052}.Release|Any CPU.ActiveCfg = Release|Any CPU
		{0DD15990-D024-4C0D-80A5-353778FF6052}.Release|Any CPU.Build.0 = Release|Any CPU
	EndGlobalSection
	GlobalSection(SolutionProperties) = preSolution
		HideSolutionNode = FALSE
	EndGlobalSection
	GlobalSection(ExtensibilityGlobals) = postSolution
		SolutionGuid = {02E0B253-5FB9-4B2D-9B33-5E45710EC1B0}
	EndGlobalSection
EndGlobal
